
Microsoft Visual Studio Solution File, Format Version 11.00
# Visual Studio 2010
Project("{FAE04EC0-301F-11D3-BF4B-00C04F79EFBC}") = "Assembly-CSharp", "Assembly-CSharp.csproj", "{e55a1ad3-1c8c-0196-5885-b4d1daf2e8f2}"
EndProject
Project("{FAE04EC0-301F-11D3-BF4B-00C04F79EFBC}") = "Assembly-CSharp-Editor", "Assembly-CSharp-Editor.csproj", "{00d2dbc8-5c51-ffc4-96bc-9850d3bc9035}"
EndProject
Global
	GlobalSection(SolutionConfigurationPlatforms) = preSolution
		Debug|Any CPU = Debug|Any CPU
	EndGlobalSection
	GlobalSection(ProjectConfigurationPlatforms) = postSolution
		{e55a1ad3-1c8c-0196-5885-b4d1daf2e8f2}.Debug|Any CPU.ActiveCfg = Debug|Any CPU
		{e55a1ad3-1c8c-0196-5885-b4d1daf2e8f2}.Debug|Any CPU.Build.0 = Debug|Any CPU
		{00d2dbc8-5c51-ffc4-96bc-9850d3bc9035}.Debug|Any CPU.ActiveCfg = Debug|Any CPU
		{00d2dbc8-5c51-ffc4-96bc-9850d3bc9035}.Debug|Any CPU.Build.0 = Debug|Any CPU
	EndGlobalSection
	GlobalSection(SolutionProperties) = preSolution
		HideSolutionNode = FALSE
	EndGlobalSection
EndGlobal
